
Microsoft Visual Studio Solution File, Format Version 12.00
# Visual Studio Version 17
VisualStudioVersion = 17.0.31919.166
MinimumVisualStudioVersion = 10.0.40219.1
Project("{FAE04EC0-301F-11D3-BF4B-00C04F79EFBC}") = "Lesson 22", "Lesson 22\Lesson 22.csproj", "{EC1AB3D3-0B94-4F07-AA9D-B36EBA2CF5B2}"
EndProject
Global
	GlobalSection(SolutionConfigurationPlatforms) = preSolution
		Debug|Any CPU = Debug|Any CPU
		Release|Any CPU = Release|Any CPU
	EndGlobalSection
	GlobalSection(ProjectConfigurationPlatforms) = postSolution
		{EC1AB3D3-0B94-4F07-AA9D-B36EBA2CF5B2}.Debug|Any CPU.ActiveCfg = Debug|Any CPU
		{EC1AB3D3-0B94-4F07-AA9D-B36EBA2CF5B2}.Debug|Any CPU.Build.0 = Debug|Any CPU
		{EC1AB3D3-0B94-4F07-AA9D-B36EBA2CF5B2}.Release|Any CPU.ActiveCfg = Release|Any CPU
		{EC1AB3D3-0B94-4F07-AA9D-B36EBA2CF5B2}.Release|Any CPU.Build.0 = Release|Any CPU
	EndGlobalSection
	GlobalSection(SolutionProperties) = preSolution
		HideSolutionNode = FALSE
	EndGlobalSection
	GlobalSection(ExtensibilityGlobals) = postSolution
		SolutionGuid = {0791F1BE-817D-47A1-9919-3BEB0ACD6FA5}
	EndGlobalSection
EndGlobal
